// !$*UTF8*$!
{
	archiveVersion = 1;
	classes = {
	};
	objectVersion = 46;
	objects = {

/* Begin PBXBuildFile section */
		A53BECF718317ADC000B96A3 /* CheckListItem.m in Sources */ = {isa = PBXBuildFile; fileRef = A53BECF618317ADC000B96A3 /* CheckListItem.m */; };
		A56748B5185A672A001986F1 /* ItemDetailViewController.m in Sources */ = {isa = PBXBuildFile; fileRef = A56748B4185A672A001986F1 /* ItemDetailViewController.m */; };
		A589E04F187C8AB800F2EB2B /* ListDetailViewController.m in Sources */ = {isa = PBXBuildFile; fileRef = A589E04E187C8AB800F2EB2B /* ListDetailViewController.m */; };
		A5AEFDEF187831D3008CC0A0 /* AllListsViewController.m in Sources */ = {isa = PBXBuildFile; fileRef = A5AEFDEE187831D3008CC0A0 /* AllListsViewController.m */; };
		A5AEFDF218797D7D008CC0A0 /* Checklist.m in Sources */ = {isa = PBXBuildFile; fileRef = A5AEFDF118797D7D008CC0A0 /* Checklist.m */; };
		A5CE11AD1813D1B600B60228 /* Foundation.framework in Frameworks */ = {isa = PBXBuildFile; fileRef = A5CE11AC1813D1B600B60228 /* Foundation.framework */; };
		A5CE11AF1813D1B600B60228 /* CoreGraphics.framework in Frameworks */ = {isa = PBXBuildFile; fileRef = A5CE11AE1813D1B600B60228 /* CoreGraphics.framework */; };
		A5CE11B11813D1B600B60228 /* UIKit.framework in Frameworks */ = {isa = PBXBuildFile; fileRef = A5CE11B01813D1B600B60228 /* UIKit.framework */; };
		A5CE11B71813D1B600B60228 /* InfoPlist.strings in Resources */ = {isa = PBXBuildFile; fileRef = A5CE11B51813D1B600B60228 /* InfoPlist.strings */; };
		A5CE11B91813D1B600B60228 /* main.m in Sources */ = {isa = PBXBuildFile; fileRef = A5CE11B81813D1B600B60228 /* main.m */; };
		A5CE11BD1813D1B600B60228 /* CheckListsAppDelegate.m in Sources */ = {isa = PBXBuildFile; fileRef = A5CE11BC1813D1B600B60228 /* CheckListsAppDelegate.m */; };
		A5CE11C01813D1B600B60228 /* Main.storyboard in Resources */ = {isa = PBXBuildFile; fileRef = A5CE11BE1813D1B600B60228 /* Main.storyboard */; };
		A5CE11C31813D1B600B60228 /* CheckListViewController.m in Sources */ = {isa = PBXBuildFile; fileRef = A5CE11C21813D1B600B60228 /* CheckListViewController.m */; };
		A5CE11C51813D1B600B60228 /* Images.xcassets in Resources */ = {isa = PBXBuildFile; fileRef = A5CE11C41813D1B600B60228 /* Images.xcassets */; };
		A5CE11CC1813D1B600B60228 /* XCTest.framework in Frameworks */ = {isa = PBXBuildFile; fileRef = A5CE11CB1813D1B600B60228 /* XCTest.framework */; };
		A5CE11CD1813D1B600B60228 /* Foundation.framework in Frameworks */ = {isa = PBXBuildFile; fileRef = A5CE11AC1813D1B600B60228 /* Foundation.framework */; };
		A5CE11CE1813D1B600B60228 /* UIKit.framework in Frameworks */ = {isa = PBXBuildFile; fileRef = A5CE11B01813D1B600B60228 /* UIKit.framework */; };
		A5CE11D61813D1B600B60228 /* InfoPlist.strings in Resources */ = {isa = PBXBuildFile; fileRef = A5CE11D41813D1B600B60228 /* InfoPlist.strings */; };
		A5CE11D81813D1B600B60228 /* ChecklistsTests.m in Sources */ = {isa = PBXBuildFile; fileRef = A5CE11D71813D1B600B60228 /* ChecklistsTests.m */; };
/* End PBXBuildFile section */

/* Begin PBXContainerItemProxy section */
		A5CE11CF1813D1B600B60228 /* PBXContainerItemProxy */ = {
			isa = PBXContainerItemProxy;
			containerPortal = A5CE11A11813D1B600B60228 /* Project object */;
			proxyType = 1;
			remoteGlobalIDString = A5CE11A81813D1B600B60228;
			remoteInfo = Checklists;
		};
/* End PBXContainerItemProxy section */

/* Begin PBXFileReference section */
		A53BECF518317ADC000B96A3 /* CheckListItem.h */ = {isa = PBXFileReference; fileEncoding = 4; lastKnownFileType = sourcecode.c.h; path = CheckListItem.h; sourceTree = "<group>"; };
		A53BECF618317ADC000B96A3 /* CheckListItem.m */ = {isa = PBXFileReference; fileEncoding = 4; lastKnownFileType = sourcecode.c.objc; path = CheckListItem.m; sourceTree = "<group>"; };
		A56748B3185A672A001986F1 /* ItemDetailViewController.h */ = {isa = PBXFileReference; fileEncoding = 4; lastKnownFileType = sourcecode.c.h; name = ItemDetailViewController.h; path = checklists/ItemDetailViewController.h; sourceTree = SOURCE_ROOT; };
		A56748B4185A672A001986F1 /* ItemDetailViewController.m */ = {isa = PBXFileReference; fileEncoding = 4; lastKnownFileType = sourcecode.c.objc; name = ItemDetailViewController.m; path = checklists/ItemDetailViewController.m; sourceTree = SOURCE_ROOT; };
		A589E04D187C8AB800F2EB2B /* ListDetailViewController.h */ = {isa = PBXFileReference; fileEncoding = 4; lastKnownFileType = sourcecode.c.h; name = ListDetailViewController.h; path = checklists/ListDetailViewController.h; sourceTree = SOURCE_ROOT; };
		A589E04E187C8AB800F2EB2B /* ListDetailViewController.m */ = {isa = PBXFileReference; fileEncoding = 4; lastKnownFileType = sourcecode.c.objc; name = ListDetailViewController.m; path = checklists/ListDetailViewController.m; sourceTree = SOURCE_ROOT; };
		A5AEFDED187831D3008CC0A0 /* AllListsViewController.h */ = {isa = PBXFileReference; fileEncoding = 4; lastKnownFileType = sourcecode.c.h; name = AllListsViewController.h; path = checklists/AllListsViewController.h; sourceTree = SOURCE_ROOT; };
		A5AEFDEE187831D3008CC0A0 /* AllListsViewController.m */ = {isa = PBXFileReference; fileEncoding = 4; lastKnownFileType = sourcecode.c.objc; name = AllListsViewController.m; path = checklists/AllListsViewController.m; sourceTree = SOURCE_ROOT; };
		A5AEFDF018797D7D008CC0A0 /* Checklist.h */ = {isa = PBXFileReference; fileEncoding = 4; lastKnownFileType = sourcecode.c.h; name = Checklist.h; path = checklists/Checklist.h; sourceTree = SOURCE_ROOT; };
		A5AEFDF118797D7D008CC0A0 /* Checklist.m */ = {isa = PBXFileReference; fileEncoding = 4; lastKnownFileType = sourcecode.c.objc; name = Checklist.m; path = checklists/Checklist.m; sourceTree = SOURCE_ROOT; };
		A5CE11A91813D1B600B60228 /* Checklists.app */ = {isa = PBXFileReference; explicitFileType = wrapper.application; includeInIndex = 0; path = Checklists.app; sourceTree = BUILT_PRODUCTS_DIR; };
		A5CE11AC1813D1B600B60228 /* Foundation.framework */ = {isa = PBXFileReference; lastKnownFileType = wrapper.framework; name = Foundation.framework; path = System/Library/Frameworks/Foundation.framework; sourceTree = SDKROOT; };
		A5CE11AE1813D1B600B60228 /* CoreGraphics.framework */ = {isa = PBXFileReference; lastKnownFileType = wrapper.framework; name = CoreGraphics.framework; path = System/Library/Frameworks/CoreGraphics.framework; sourceTree = SDKROOT; };
		A5CE11B01813D1B600B60228 /* UIKit.framework */ = {isa = PBXFileReference; lastKnownFileType = wrapper.framework; name = UIKit.framework; path = System/Library/Frameworks/UIKit.framework; sourceTree = SDKROOT; };
		A5CE11B41813D1B600B60228 /* Checklists-Info.plist */ = {isa = PBXFileReference; lastKnownFileType = text.plist.xml; path = "Checklists-Info.plist"; sourceTree = "<group>"; };
		A5CE11B61813D1B600B60228 /* en */ = {isa = PBXFileReference; lastKnownFileType = text.plist.strings; name = en; path = en.lproj/InfoPlist.strings; sourceTree = "<group>"; };
		A5CE11B81813D1B600B60228 /* main.m */ = {isa = PBXFileReference; lastKnownFileType = sourcecode.c.objc; path = main.m; sourceTree = "<group>"; };
		A5CE11BA1813D1B600B60228 /* Checklists-Prefix.pch */ = {isa = PBXFileReference; lastKnownFileType = sourcecode.c.h; path = "Checklists-Prefix.pch"; sourceTree = "<group>"; };
		A5CE11BB1813D1B600B60228 /* CheckListsAppDelegate.h */ = {isa = PBXFileReference; lastKnownFileType = sourcecode.c.h; path = CheckListsAppDelegate.h; sourceTree = "<group>"; };
		A5CE11BC1813D1B600B60228 /* CheckListsAppDelegate.m */ = {isa = PBXFileReference; lastKnownFileType = sourcecode.c.objc; path = CheckListsAppDelegate.m; sourceTree = "<group>"; };
		A5CE11BF1813D1B600B60228 /* Base */ = {isa = PBXFileReference; lastKnownFileType = file.storyboard; name = Base; path = Base.lproj/Main.storyboard; sourceTree = "<group>"; };
		A5CE11C11813D1B600B60228 /* CheckListViewController.h */ = {isa = PBXFileReference; lastKnownFileType = sourcecode.c.h; path = CheckListViewController.h; sourceTree = "<group>"; };
		A5CE11C21813D1B600B60228 /* CheckListViewController.m */ = {isa = PBXFileReference; lastKnownFileType = sourcecode.c.objc; path = CheckListViewController.m; sourceTree = "<group>"; };
		A5CE11C41813D1B600B60228 /* Images.xcassets */ = {isa = PBXFileReference; lastKnownFileType = folder.assetcatalog; path = Images.xcassets; sourceTree = "<group>"; };
		A5CE11CA1813D1B600B60228 /* ChecklistsTests.xctest */ = {isa = PBXFileReference; explicitFileType = wrapper.cfbundle; includeInIndex = 0; path = ChecklistsTests.xctest; sourceTree = BUILT_PRODUCTS_DIR; };
		A5CE11CB1813D1B600B60228 /* XCTest.framework */ = {isa = PBXFileReference; lastKnownFileType = wrapper.framework; name = XCTest.framework; path = Library/Frameworks/XCTest.framework; sourceTree = DEVELOPER_DIR; };
		A5CE11D31813D1B600B60228 /* ChecklistsTests-Info.plist */ = {isa = PBXFileReference; lastKnownFileType = text.plist.xml; path = "ChecklistsTests-Info.plist"; sourceTree = "<group>"; };
		A5CE11D51813D1B600B60228 /* en */ = {isa = PBXFileReference; lastKnownFileType = text.plist.strings; name = en; path = en.lproj/InfoPlist.strings; sourceTree = "<group>"; };
		A5CE11D71813D1B600B60228 /* ChecklistsTests.m */ = {isa = PBXFileReference; lastKnownFileType = sourcecode.c.objc; path = ChecklistsTests.m; sourceTree = "<group>"; };
/* End PBXFileReference section */

/* Begin PBXFrameworksBuildPhase section */
		A5CE11A61813D1B600B60228 /* Frameworks */ = {
			isa = PBXFrameworksBuildPhase;
			buildActionMask = 2147483647;
			files = (
				A5CE11AF1813D1B600B60228 /* CoreGraphics.framework in Frameworks */,
				A5CE11B11813D1B600B60228 /* UIKit.framework in Frameworks */,
				A5CE11AD1813D1B600B60228 /* Foundation.framework in Frameworks */,
			);
			runOnlyForDeploymentPostprocessing = 0;
		};
		A5CE11C71813D1B600B60228 /* Frameworks */ = {
			isa = PBXFrameworksBuildPhase;
			buildActionMask = 2147483647;
			files = (
				A5CE11CC1813D1B600B60228 /* XCTest.framework in Frameworks */,
				A5CE11CE1813D1B600B60228 /* UIKit.framework in Frameworks */,
				A5CE11CD1813D1B600B60228 /* Foundation.framework in Frameworks */,
			);
			runOnlyForDeploymentPostprocessing = 0;
		};
/* End PBXFrameworksBuildPhase section */

/* Begin PBXGroup section */
		A5CE11A01813D1B600B60228 = {
			isa = PBXGroup;
			children = (
				A5CE11B21813D1B600B60228 /* Checklists */,
				A5CE11D11813D1B600B60228 /* ChecklistsTests */,
				A5CE11AB1813D1B600B60228 /* Frameworks */,
				A5CE11AA1813D1B600B60228 /* Products */,
			);
			sourceTree = "<group>";
		};
		A5CE11AA1813D1B600B60228 /* Products */ = {
			isa = PBXGroup;
			children = (
				A5CE11A91813D1B600B60228 /* Checklists.app */,
				A5CE11CA1813D1B600B60228 /* ChecklistsTests.xctest */,
			);
			name = Products;
			sourceTree = "<group>";
		};
		A5CE11AB1813D1B600B60228 /* Frameworks */ = {
			isa = PBXGroup;
			children = (
				A5CE11AC1813D1B600B60228 /* Foundation.framework */,
				A5CE11AE1813D1B600B60228 /* CoreGraphics.framework */,
				A5CE11B01813D1B600B60228 /* UIKit.framework */,
				A5CE11CB1813D1B600B60228 /* XCTest.framework */,
			);
			name = Frameworks;
			sourceTree = "<group>";
		};
		A5CE11B21813D1B600B60228 /* Checklists */ = {
			isa = PBXGroup;
			children = (
				A5AEFDED187831D3008CC0A0 /* AllListsViewController.h */,
				A5AEFDEE187831D3008CC0A0 /* AllListsViewController.m */,
				A56748B3185A672A001986F1 /* ItemDetailViewController.h */,
				A56748B4185A672A001986F1 /* ItemDetailViewController.m */,
				A5CE11BB1813D1B600B60228 /* CheckListsAppDelegate.h */,
				A5CE11BC1813D1B600B60228 /* CheckListsAppDelegate.m */,
				A5CE11BE1813D1B600B60228 /* Main.storyboard */,
				A5CE11C11813D1B600B60228 /* CheckListViewController.h */,
				A5CE11C21813D1B600B60228 /* CheckListViewController.m */,
				A5AEFDF018797D7D008CC0A0 /* Checklist.h */,
				A5AEFDF118797D7D008CC0A0 /* Checklist.m */,
				A53BECF518317ADC000B96A3 /* CheckListItem.h */,
				A53BECF618317ADC000B96A3 /* CheckListItem.m */,
				A589E04D187C8AB800F2EB2B /* ListDetailViewController.h */,
				A589E04E187C8AB800F2EB2B /* ListDetailViewController.m */,
				A5CE11C41813D1B600B60228 /* Images.xcassets */,
				A5CE11B31813D1B600B60228 /* Supporting Files */,
			);
			path = Checklists;
			sourceTree = "<group>";
		};
		A5CE11B31813D1B600B60228 /* Supporting Files */ = {
			isa = PBXGroup;
			children = (
				A5CE11B41813D1B600B60228 /* Checklists-Info.plist */,
				A5CE11B51813D1B600B60228 /* InfoPlist.strings */,
				A5CE11B81813D1B600B60228 /* main.m */,
				A5CE11BA1813D1B600B60228 /* Checklists-Prefix.pch */,
			);
			name = "Supporting Files";
			sourceTree = "<group>";
		};
		A5CE11D11813D1B600B60228 /* ChecklistsTests */ = {
			isa = PBXGroup;
			children = (
				A5CE11D71813D1B600B60228 /* ChecklistsTests.m */,
				A5CE11D21813D1B600B60228 /* Supporting Files */,
			);
			path = ChecklistsTests;
			sourceTree = "<group>";
		};
		A5CE11D21813D1B600B60228 /* Supporting Files */ = {
			isa = PBXGroup;
			children = (
				A5CE11D31813D1B600B60228 /* ChecklistsTests-Info.plist */,
				A5CE11D41813D1B600B60228 /* InfoPlist.strings */,
			);
			name = "Supporting Files";
			sourceTree = "<group>";
		};
/* End PBXGroup section */

/* Begin PBXNativeTarget section */
		A5CE11A81813D1B600B60228 /* Checklists */ = {
			isa = PBXNativeTarget;
			buildConfigurationList = A5CE11DB1813D1B600B60228 /* Build configuration list for PBXNativeTarget "Checklists" */;
			buildPhases = (
				A5CE11A51813D1B600B60228 /* Sources */,
				A5CE11A61813D1B600B60228 /* Frameworks */,
				A5CE11A71813D1B600B60228 /* Resources */,
			);
			buildRules = (
			);
			dependencies = (
			);
			name = Checklists;
			productName = Checklists;
			productReference = A5CE11A91813D1B600B60228 /* Checklists.app */;
			productType = "com.apple.product-type.application";
		};
		A5CE11C91813D1B600B60228 /* ChecklistsTests */ = {
			isa = PBXNativeTarget;
			buildConfigurationList = A5CE11DE1813D1B600B60228 /* Build configuration list for PBXNativeTarget "ChecklistsTests" */;
			buildPhases = (
				A5CE11C61813D1B600B60228 /* Sources */,
				A5CE11C71813D1B600B60228 /* Frameworks */,
				A5CE11C81813D1B600B60228 /* Resources */,
			);
			buildRules = (
			);
			dependencies = (
				A5CE11D01813D1B600B60228 /* PBXTargetDependency */,
			);
			name = ChecklistsTests;
			productName = ChecklistsTests;
			productReference = A5CE11CA1813D1B600B60228 /* ChecklistsTests.xctest */;
			productType = "com.apple.product-type.bundle.unit-test";
		};
/* End PBXNativeTarget section */

/* Begin PBXProject section */
		A5CE11A11813D1B600B60228 /* Project object */ = {
			isa = PBXProject;
			attributes = {
				CLASSPREFIX = CheckLists;
				LastUpgradeCheck = 0510;
				ORGANIZATIONNAME = "Mark Kenyon";
				TargetAttributes = {
					A5CE11C91813D1B600B60228 = {
						TestTargetID = A5CE11A81813D1B600B60228;
					};
				};
			};
			buildConfigurationList = A5CE11A41813D1B600B60228 /* Build configuration list for PBXProject "checklists" */;
			compatibilityVersion = "Xcode 3.2";
			developmentRegion = English;
			hasScannedForEncodings = 0;
			knownRegions = (
				en,
				Base,
			);
			mainGroup = A5CE11A01813D1B600B60228;
			productRefGroup = A5CE11AA1813D1B600B60228 /* Products */;
			projectDirPath = "";
			projectRoot = "";
			targets = (
				A5CE11A81813D1B600B60228 /* Checklists */,
				A5CE11C91813D1B600B60228 /* ChecklistsTests */,
			);
		};
/* End PBXProject section */

/* Begin PBXResourcesBuildPhase section */
		A5CE11A71813D1B600B60228 /* Resources */ = {
			isa = PBXResourcesBuildPhase;
			buildActionMask = 2147483647;
			files = (
				A5CE11C51813D1B600B60228 /* Images.xcassets in Resources */,
				A5CE11B71813D1B600B60228 /* InfoPlist.strings in Resources */,
				A5CE11C01813D1B600B60228 /* Main.storyboard in Resources */,
			);
			runOnlyForDeploymentPostprocessing = 0;
		};
		A5CE11C81813D1B600B60228 /* Resources */ = {
			isa = PBXResourcesBuildPhase;
			buildActionMask = 2147483647;
			files = (
				A5CE11D61813D1B600B60228 /* InfoPlist.strings in Resources */,
			);
			runOnlyForDeploymentPostprocessing = 0;
		};
/* End PBXResourcesBuildPhase section */

/* Begin PBXSourcesBuildPhase section */
		A5CE11A51813D1B600B60228 /* Sources */ = {
			isa = PBXSourcesBuildPhase;
			buildActionMask = 2147483647;
			files = (
				A5CE11C31813D1B600B60228 /* CheckListViewController.m in Sources */,
				A5CE11B91813D1B600B60228 /* main.m in Sources */,
				A5AEFDEF187831D3008CC0A0 /* AllListsViewController.m in Sources */,
				A589E04F187C8AB800F2EB2B /* ListDetailViewController.m in Sources */,
				A5CE11BD1813D1B600B60228 /* CheckListsAppDelegate.m in Sources */,
				A53BECF718317ADC000B96A3 /* CheckListItem.m in Sources */,
				A56748B5185A672A001986F1 /* ItemDetailViewController.m in Sources */,
				A5AEFDF218797D7D008CC0A0 /* Checklist.m in Sources */,
			);
			runOnlyForDeploymentPostprocessing = 0;
		};
		A5CE11C61813D1B600B60228 /* Sources */ = {
			isa = PBXSourcesBuildPhase;
			buildActionMask = 2147483647;
			files = (
				A5CE11D81813D1B600B60228 /* ChecklistsTests.m in Sources */,
			);
			runOnlyForDeploymentPostprocessing = 0;
		};
/* End PBXSourcesBuildPhase section */

/* Begin PBXTargetDependency section */
		A5CE11D01813D1B600B60228 /* PBXTargetDependency */ = {
			isa = PBXTargetDependency;
			target = A5CE11A81813D1B600B60228 /* Checklists */;
			targetProxy = A5CE11CF1813D1B600B60228 /* PBXContainerItemProxy */;
		};
/* End PBXTargetDependency section */

/* Begin PBXVariantGroup section */
		A5CE11B51813D1B600B60228 /* InfoPlist.strings */ = {
			isa = PBXVariantGroup;
			children = (
				A5CE11B61813D1B600B60228 /* en */,
			);
			name = InfoPlist.strings;
			sourceTree = "<group>";
		};
		A5CE11BE1813D1B600B60228 /* Main.storyboard */ = {
			isa = PBXVariantGroup;
			children = (
				A5CE11BF1813D1B600B60228 /* Base */,
			);
			name = Main.storyboard;
			sourceTree = "<group>";
		};
		A5CE11D41813D1B600B60228 /* InfoPlist.strings */ = {
			isa = PBXVariantGroup;
			children = (
				A5CE11D51813D1B600B60228 /* en */,
			);
			name = InfoPlist.strings;
			sourceTree = "<group>";
		};
/* End PBXVariantGroup section */

/* Begin XCBuildConfiguration section */
		A5CE11D91813D1B600B60228 /* Debug */ = {
			isa = XCBuildConfiguration;
			buildSettings = {
				ALWAYS_SEARCH_USER_PATHS = NO;
				CLANG_CXX_LANGUAGE_STANDARD = "gnu++0x";
				CLANG_CXX_LIBRARY = "libc++";
				CLANG_ENABLE_MODULES = YES;
				CLANG_ENABLE_OBJC_ARC = YES;
				CLANG_WARN_BOOL_CONVERSION = YES;
				CLANG_WARN_CONSTANT_CONVERSION = YES;
				CLANG_WARN_DIRECT_OBJC_ISA_USAGE = YES_ERROR;
				CLANG_WARN_EMPTY_BODY = YES;
				CLANG_WARN_ENUM_CONVERSION = YES;
				CLANG_WARN_INT_CONVERSION = YES;
				CLANG_WARN_OBJC_ROOT_CLASS = YES_ERROR;
				CLANG_WARN__DUPLICATE_METHOD_MATCH = YES;
				"CODE_SIGN_IDENTITY[sdk=iphoneos*]" = "iPhone Developer";
				COPY_PHASE_STRIP = NO;
				GCC_C_LANGUAGE_STANDARD = gnu99;
				GCC_DYNAMIC_NO_PIC = NO;
				GCC_OPTIMIZATION_LEVEL = 0;
				GCC_PREPROCESSOR_DEFINITIONS = (
					"DEBUG=1",
					"$(inherited)",
				);
				GCC_SYMBOLS_PRIVATE_EXTERN = NO;
				GCC_WARN_64_TO_32_BIT_CONVERSION = YES;
				GCC_WARN_ABOUT_RETURN_TYPE = YES_ERROR;
				GCC_WARN_UNDECLARED_SELECTOR = YES;
				GCC_WARN_UNINITIALIZED_AUTOS = YES;
				GCC_WARN_UNUSED_FUNCTION = YES;
				GCC_WARN_UNUSED_VARIABLE = YES;
				IPHONEOS_DEPLOYMENT_TARGET = 7.0;
				ONLY_ACTIVE_ARCH = YES;
				SDKROOT = iphoneos;
			};
			name = Debug;
		};
		A5CE11DA1813D1B600B60228 /* Release */ = {
			isa = XCBuildConfiguration;
			buildSettings = {
				ALWAYS_SEARCH_USER_PATHS = NO;
				CLANG_CXX_LANGUAGE_STANDARD = "gnu++0x";
				CLANG_CXX_LIBRARY = "libc++";
				CLANG_ENABLE_MODULES = YES;
				CLANG_ENABLE_OBJC_ARC = YES;
				CLANG_WARN_BOOL_CONVERSION = YES;
				CLANG_WARN_CONSTANT_CONVERSION = YES;
				CLANG_WARN_DIRECT_OBJC_ISA_USAGE = YES_ERROR;
				CLANG_WARN_EMPTY_BODY = YES;
				CLANG_WARN_ENUM_CONVERSION = YES;
				CLANG_WARN_INT_CONVERSION = YES;
				CLANG_WARN_OBJC_ROOT_CLASS = YES_ERROR;
				CLANG_WARN__DUPLICATE_METHOD_MATCH = YES;
				"CODE_SIGN_IDENTITY[sdk=iphoneos*]" = "iPhone Developer";
				COPY_PHASE_STRIP = YES;
				ENABLE_NS_ASSERTIONS = NO;
				GCC_C_LANGUAGE_STANDARD = gnu99;
				GCC_WARN_64_TO_32_BIT_CONVERSION = YES;
				GCC_WARN_ABOUT_RETURN_TYPE = YES_ERROR;
				GCC_WARN_UNDECLARED_SELECTOR = YES;
				GCC_WARN_UNINITIALIZED_AUTOS = YES;
				GCC_WARN_UNUSED_FUNCTION = YES;
				GCC_WARN_UNUSED_VARIABLE = YES;
				IPHONEOS_DEPLOYMENT_TARGET = 7.0;
				SDKROOT = iphoneos;
				VALIDATE_PRODUCT = YES;
			};
			name = Release;
		};
		A5CE11DC1813D1B600B60228 /* Debug */ = {
			isa = XCBuildConfiguration;
			buildSettings = {
				ASSETCATALOG_COMPILER_APPICON_NAME = AppIcon;
				ASSETCATALOG_COMPILER_LAUNCHIMAGE_NAME = LaunchImage;
				GCC_PRECOMPILE_PREFIX_HEADER = YES;
				GCC_PREFIX_HEADER = "Checklists/Checklists-Prefix.pch";
				INFOPLIST_FILE = "Checklists/Checklists-Info.plist";
				PRODUCT_NAME = "$(TARGET_NAME)";
				WRAPPER_EXTENSION = app;
			};
			name = Debug;
		};
		A5CE11DD1813D1B600B60228 /* Release */ = {
			isa = XCBuildConfiguration;
			buildSettings = {
				ASSETCATALOG_COMPILER_APPICON_NAME = AppIcon;
				ASSETCATALOG_COMPILER_LAUNCHIMAGE_NAME = LaunchImage;
				GCC_PRECOMPILE_PREFIX_HEADER = YES;
				GCC_PREFIX_HEADER = "Checklists/Checklists-Prefix.pch";
				INFOPLIST_FILE = "Checklists/Checklists-Info.plist";
				PRODUCT_NAME = "$(TARGET_NAME)";
				WRAPPER_EXTENSION = app;
			};
			name = Release;
		};
		A5CE11DF1813D1B600B60228 /* Debug */ = {
			isa = XCBuildConfiguration;
			buildSettings = {
				BUNDLE_LOADER = "$(BUILT_PRODUCTS_DIR)/Checklists.app/Checklists";
				FRAMEWORK_SEARCH_PATHS = (
					"$(SDKROOT)/Developer/Library/Frameworks",
					"$(inherited)",
					"$(DEVELOPER_FRAMEWORKS_DIR)",
				);
				GCC_PRECOMPILE_PREFIX_HEADER = YES;
				GCC_PREFIX_HEADER = "Checklists/Checklists-Prefix.pch";
				GCC_PREPROCESSOR_DEFINITIONS = (
					"DEBUG=1",
					"$(inherited)",
				);
				INFOPLIST_FILE = "ChecklistsTests/ChecklistsTests-Info.plist";
				PRODUCT_NAME = "$(TARGET_NAME)";
				TEST_HOST = "$(BUNDLE_LOADER)";
				WRAPPER_EXTENSION = xctest;
			};
			name = Debug;
		};
		A5CE11E01813D1B600B60228 /* Release */ = {
			isa = XCBuildConfiguration;
			buildSettings = {
				BUNDLE_LOADER = "$(BUILT_PRODUCTS_DIR)/Checklists.app/Checklists";
				FRAMEWORK_SEARCH_PATHS = (
					"$(SDKROOT)/Developer/Library/Frameworks",
					"$(inherited)",
					"$(DEVELOPER_FRAMEWORKS_DIR)",
				);
				GCC_PRECOMPILE_PREFIX_HEADER = YES;
				GCC_PREFIX_HEADER = "Checklists/Checklists-Prefix.pch";
				INFOPLIST_FILE = "ChecklistsTests/ChecklistsTests-Info.plist";
				PRODUCT_NAME = "$(TARGET_NAME)";
				TEST_HOST = "$(BUNDLE_LOADER)";
				WRAPPER_EXTENSION = xctest;
			};
			name = Release;
		};
/* End XCBuildConfiguration section */

/* Begin XCConfigurationList section */
		A5CE11A41813D1B600B60228 /* Build configuration list for PBXProject "checklists" */ = {
			isa = XCConfigurationList;
			buildConfigurations = (
				A5CE11D91813D1B600B60228 /* Debug */,
				A5CE11DA1813D1B600B60228 /* Release */,
			);
			defaultConfigurationIsVisible = 0;
			defaultConfigurationName = Release;
		};
		A5CE11DB1813D1B600B60228 /* Build configuration list for PBXNativeTarget "Checklists" */ = {
			isa = XCConfigurationList;
			buildConfigurations = (
				A5CE11DC1813D1B600B60228 /* Debug */,
				A5CE11DD1813D1B600B60228 /* Release */,
			);
			defaultConfigurationIsVisible = 0;
			defaultConfigurationName = Release;
		};
		A5CE11DE1813D1B600B60228 /* Build configuration list for PBXNativeTarget "ChecklistsTests" */ = {
			isa = XCConfigurationList;
			buildConfigurations = (
				A5CE11DF1813D1B600B60228 /* Debug */,
				A5CE11E01813D1B600B60228 /* Release */,
			);
			defaultConfigurationIsVisible = 0;
			defaultConfigurationName = Release;
		};
/* End XCConfigurationList section */
	};
	rootObject = A5CE11A11813D1B600B60228 /* Project object */;
}
